// !$*UTF8*$!
{
	archiveVersion = 1;
	classes = {
	};
	objectVersion = 46;
	objects = {

/* Begin PBXBuildFile section */
		4010F0F319689A23001C42E7 /* Swactor.h in Headers */ = {isa = PBXBuildFile; fileRef = 4010F0F219689A23001C42E7 /* Swactor.h */; settings = {ATTRIBUTES = (Public, ); }; };
		4010F0F919689A23001C42E7 /* Swactor.framework in Frameworks */ = {isa = PBXBuildFile; fileRef = 4010F0ED19689A23001C42E7 /* Swactor.framework */; };
		4010F10019689A23001C42E7 /* SwactorTests.swift in Sources */ = {isa = PBXBuildFile; fileRef = 4010F0FF19689A23001C42E7 /* SwactorTests.swift */; };
		4010F10A19689A3D001C42E7 /* Actor.swift in Sources */ = {isa = PBXBuildFile; fileRef = 4010F10919689A3D001C42E7 /* Actor.swift */; };
/* End PBXBuildFile section */

/* Begin PBXContainerItemProxy section */
		4010F0FA19689A23001C42E7 /* PBXContainerItemProxy */ = {
			isa = PBXContainerItemProxy;
			containerPortal = 4010F0E419689A23001C42E7 /* Project object */;
			proxyType = 1;
			remoteGlobalIDString = 4010F0EC19689A23001C42E7;
			remoteInfo = Swactor;
		};
/* End PBXContainerItemProxy section */

/* Begin PBXFileReference section */
		4010F0ED19689A23001C42E7 /* Swactor.framework */ = {isa = PBXFileReference; explicitFileType = wrapper.framework; includeInIndex = 0; path = Swactor.framework; sourceTree = BUILT_PRODUCTS_DIR; };
		4010F0F119689A23001C42E7 /* Info.plist */ = {isa = PBXFileReference; lastKnownFileType = text.plist.xml; path = Info.plist; sourceTree = "<group>"; };
		4010F0F219689A23001C42E7 /* Swactor.h */ = {isa = PBXFileReference; lastKnownFileType = sourcecode.c.h; path = Swactor.h; sourceTree = "<group>"; };
		4010F0F819689A23001C42E7 /* SwactorTests.xctest */ = {isa = PBXFileReference; explicitFileType = wrapper.cfbundle; includeInIndex = 0; path = SwactorTests.xctest; sourceTree = BUILT_PRODUCTS_DIR; };
		4010F0FE19689A23001C42E7 /* Info.plist */ = {isa = PBXFileReference; lastKnownFileType = text.plist.xml; path = Info.plist; sourceTree = "<group>"; };
		4010F0FF19689A23001C42E7 /* SwactorTests.swift */ = {isa = PBXFileReference; lastKnownFileType = sourcecode.swift; path = SwactorTests.swift; sourceTree = "<group>"; };
		4010F10919689A3D001C42E7 /* Actor.swift */ = {isa = PBXFileReference; fileEncoding = 4; lastKnownFileType = sourcecode.swift; path = Actor.swift; sourceTree = "<group>"; };
/* End PBXFileReference section */

/* Begin PBXFrameworksBuildPhase section */
		4010F0E919689A23001C42E7 /* Frameworks */ = {
			isa = PBXFrameworksBuildPhase;
			buildActionMask = 2147483647;
			files = (
			);
			runOnlyForDeploymentPostprocessing = 0;
		};
		4010F0F519689A23001C42E7 /* Frameworks */ = {
			isa = PBXFrameworksBuildPhase;
			buildActionMask = 2147483647;
			files = (
				4010F0F919689A23001C42E7 /* Swactor.framework in Frameworks */,
			);
			runOnlyForDeploymentPostprocessing = 0;
		};
/* End PBXFrameworksBuildPhase section */

/* Begin PBXGroup section */
		4010F0E319689A23001C42E7 = {
			isa = PBXGroup;
			children = (
				4010F0EF19689A23001C42E7 /* Swactor */,
				4010F0FC19689A23001C42E7 /* SwactorTests */,
				4010F0EE19689A23001C42E7 /* Products */,
			);
			sourceTree = "<group>";
		};
		4010F0EE19689A23001C42E7 /* Products */ = {
			isa = PBXGroup;
			children = (
				4010F0ED19689A23001C42E7 /* Swactor.framework */,
				4010F0F819689A23001C42E7 /* SwactorTests.xctest */,
			);
			name = Products;
			sourceTree = "<group>";
		};
		4010F0EF19689A23001C42E7 /* Swactor */ = {
			isa = PBXGroup;
			children = (
				4010F0F219689A23001C42E7 /* Swactor.h */,
				4010F0F019689A23001C42E7 /* Supporting Files */,
				4010F10919689A3D001C42E7 /* Actor.swift */,
			);
			path = Swactor;
			sourceTree = "<group>";
		};
		4010F0F019689A23001C42E7 /* Supporting Files */ = {
			isa = PBXGroup;
			children = (
				4010F0F119689A23001C42E7 /* Info.plist */,
			);
			name = "Supporting Files";
			sourceTree = "<group>";
		};
		4010F0FC19689A23001C42E7 /* SwactorTests */ = {
			isa = PBXGroup;
			children = (
				4010F0FF19689A23001C42E7 /* SwactorTests.swift */,
				4010F0FD19689A23001C42E7 /* Supporting Files */,
			);
			path = SwactorTests;
			sourceTree = "<group>";
		};
		4010F0FD19689A23001C42E7 /* Supporting Files */ = {
			isa = PBXGroup;
			children = (
				4010F0FE19689A23001C42E7 /* Info.plist */,
			);
			name = "Supporting Files";
			sourceTree = "<group>";
		};
/* End PBXGroup section */

/* Begin PBXHeadersBuildPhase section */
		4010F0EA19689A23001C42E7 /* Headers */ = {
			isa = PBXHeadersBuildPhase;
			buildActionMask = 2147483647;
			files = (
				4010F0F319689A23001C42E7 /* Swactor.h in Headers */,
			);
			runOnlyForDeploymentPostprocessing = 0;
		};
/* End PBXHeadersBuildPhase section */

/* Begin PBXNativeTarget section */
		4010F0EC19689A23001C42E7 /* Swactor */ = {
			isa = PBXNativeTarget;
			buildConfigurationList = 4010F10319689A23001C42E7 /* Build configuration list for PBXNativeTarget "Swactor" */;
			buildPhases = (
				4010F0E819689A23001C42E7 /* Sources */,
				4010F0E919689A23001C42E7 /* Frameworks */,
				4010F0EA19689A23001C42E7 /* Headers */,
				4010F0EB19689A23001C42E7 /* Resources */,
			);
			buildRules = (
			);
			dependencies = (
			);
			name = Swactor;
			productName = Swactor;
			productReference = 4010F0ED19689A23001C42E7 /* Swactor.framework */;
			productType = "com.apple.product-type.framework";
		};
		4010F0F719689A23001C42E7 /* SwactorTests */ = {
			isa = PBXNativeTarget;
			buildConfigurationList = 4010F10619689A23001C42E7 /* Build configuration list for PBXNativeTarget "SwactorTests" */;
			buildPhases = (
				4010F0F419689A23001C42E7 /* Sources */,
				4010F0F519689A23001C42E7 /* Frameworks */,
				4010F0F619689A23001C42E7 /* Resources */,
			);
			buildRules = (
			);
			dependencies = (
				4010F0FB19689A23001C42E7 /* PBXTargetDependency */,
			);
			name = SwactorTests;
			productName = SwactorTests;
			productReference = 4010F0F819689A23001C42E7 /* SwactorTests.xctest */;
			productType = "com.apple.product-type.bundle.unit-test";
		};
/* End PBXNativeTarget section */

/* Begin PBXProject section */
		4010F0E419689A23001C42E7 /* Project object */ = {
			isa = PBXProject;
			attributes = {
				LastUpgradeCheck = 0600;
				ORGANIZATIONNAME = "Tomek Cejner";
				TargetAttributes = {
					4010F0EC19689A23001C42E7 = {
						CreatedOnToolsVersion = 6.0;
					};
					4010F0F719689A23001C42E7 = {
						CreatedOnToolsVersion = 6.0;
						TestTargetID = 4010F0EC19689A23001C42E7;
					};
				};
			};
			buildConfigurationList = 4010F0E719689A23001C42E7 /* Build configuration list for PBXProject "Swactor" */;
			compatibilityVersion = "Xcode 3.2";
			developmentRegion = English;
			hasScannedForEncodings = 0;
			knownRegions = (
				en,
			);
			mainGroup = 4010F0E319689A23001C42E7;
			productRefGroup = 4010F0EE19689A23001C42E7 /* Products */;
			projectDirPath = "";
			projectRoot = "";
			targets = (
				4010F0EC19689A23001C42E7 /* Swactor */,
				4010F0F719689A23001C42E7 /* SwactorTests */,
			);
		};
/* End PBXProject section */

/* Begin PBXResourcesBuildPhase section */
		4010F0EB19689A23001C42E7 /* Resources */ = {
			isa = PBXResourcesBuildPhase;
			buildActionMask = 2147483647;
			files = (
			);
			runOnlyForDeploymentPostprocessing = 0;
		};
		4010F0F619689A23001C42E7 /* Resources */ = {
			isa = PBXResourcesBuildPhase;
			buildActionMask = 2147483647;
			files = (
			);
			runOnlyForDeploymentPostprocessing = 0;
		};
/* End PBXResourcesBuildPhase section */

/* Begin PBXSourcesBuildPhase section */
		4010F0E819689A23001C42E7 /* Sources */ = {
			isa = PBXSourcesBuildPhase;
			buildActionMask = 2147483647;
			files = (
				4010F10A19689A3D001C42E7 /* Actor.swift in Sources */,
			);
			runOnlyForDeploymentPostprocessing = 0;
		};
		4010F0F419689A23001C42E7 /* Sources */ = {
			isa = PBXSourcesBuildPhase;
			buildActionMask = 2147483647;
			files = (
				4010F10019689A23001C42E7 /* SwactorTests.swift in Sources */,
			);
			runOnlyForDeploymentPostprocessing = 0;
		};
/* End PBXSourcesBuildPhase section */

/* Begin PBXTargetDependency section */
		4010F0FB19689A23001C42E7 /* PBXTargetDependency */ = {
			isa = PBXTargetDependency;
			target = 4010F0EC19689A23001C42E7 /* Swactor */;
			targetProxy = 4010F0FA19689A23001C42E7 /* PBXContainerItemProxy */;
		};
/* End PBXTargetDependency section */

/* Begin XCBuildConfiguration section */
		4010F10119689A23001C42E7 /* Debug */ = {
			isa = XCBuildConfiguration;
			buildSettings = {
				ALWAYS_SEARCH_USER_PATHS = NO;
				CLANG_CXX_LANGUAGE_STANDARD = "gnu++0x";
				CLANG_CXX_LIBRARY = "libc++";
				CLANG_ENABLE_MODULES = YES;
				CLANG_ENABLE_OBJC_ARC = YES;
				CLANG_WARN_BOOL_CONVERSION = YES;
				CLANG_WARN_CONSTANT_CONVERSION = YES;
				CLANG_WARN_DIRECT_OBJC_ISA_USAGE = YES_ERROR;
				CLANG_WARN_EMPTY_BODY = YES;
				CLANG_WARN_ENUM_CONVERSION = YES;
				CLANG_WARN_INT_CONVERSION = YES;
				CLANG_WARN_OBJC_ROOT_CLASS = YES_ERROR;
				CLANG_WARN_UNREACHABLE_CODE = YES;
				CLANG_WARN__DUPLICATE_METHOD_MATCH = YES;
				"CODE_SIGN_IDENTITY[sdk=iphoneos*]" = "iPhone Developer";
				COPY_PHASE_STRIP = NO;
				CURRENT_PROJECT_VERSION = 1;
				ENABLE_STRICT_OBJC_MSGSEND = YES;
				GCC_C_LANGUAGE_STANDARD = gnu99;
				GCC_DYNAMIC_NO_PIC = NO;
				GCC_OPTIMIZATION_LEVEL = 0;
				GCC_PREPROCESSOR_DEFINITIONS = (
					"DEBUG=1",
					"$(inherited)",
				);
				GCC_SYMBOLS_PRIVATE_EXTERN = NO;
				GCC_WARN_64_TO_32_BIT_CONVERSION = YES;
				GCC_WARN_ABOUT_RETURN_TYPE = YES_ERROR;
				GCC_WARN_UNDECLARED_SELECTOR = YES;
				GCC_WARN_UNINITIALIZED_AUTOS = YES_AGGRESSIVE;
				GCC_WARN_UNUSED_FUNCTION = YES;
				GCC_WARN_UNUSED_VARIABLE = YES;
				IPHONEOS_DEPLOYMENT_TARGET = 8.0;
				METAL_ENABLE_DEBUG_INFO = YES;
				ONLY_ACTIVE_ARCH = YES;
				SDKROOT = iphoneos;
				SWIFT_OPTIMIZATION_LEVEL = "-Onone";
				TARGETED_DEVICE_FAMILY = "1,2";
				VERSIONING_SYSTEM = "apple-generic";
				VERSION_INFO_PREFIX = "";
			};
			name = Debug;
		};
		4010F10219689A23001C42E7 /* Release */ = {
			isa = XCBuildConfiguration;
			buildSettings = {
				ALWAYS_SEARCH_USER_PATHS = NO;
				CLANG_CXX_LANGUAGE_STANDARD = "gnu++0x";
				CLANG_CXX_LIBRARY = "libc++";
				CLANG_ENABLE_MODULES = YES;
				CLANG_ENABLE_OBJC_ARC = YES;
				CLANG_WARN_BOOL_CONVERSION = YES;
				CLANG_WARN_CONSTANT_CONVERSION = YES;
				CLANG_WARN_DIRECT_OBJC_ISA_USAGE = YES_ERROR;
				CLANG_WARN_EMPTY_BODY = YES;
				CLANG_WARN_ENUM_CONVERSION = YES;
				CLANG_WARN_INT_CONVERSION = YES;
				CLANG_WARN_OBJC_ROOT_CLASS = YES_ERROR;
				CLANG_WARN_UNREACHABLE_CODE = YES;
				CLANG_WARN__DUPLICATE_METHOD_MATCH = YES;
				"CODE_SIGN_IDENTITY[sdk=iphoneos*]" = "iPhone Developer";
				COPY_PHASE_STRIP = YES;
				CURRENT_PROJECT_VERSION = 1;
				ENABLE_NS_ASSERTIONS = NO;
				ENABLE_STRICT_OBJC_MSGSEND = YES;
				GCC_C_LANGUAGE_STANDARD = gnu99;
				GCC_WARN_64_TO_32_BIT_CONVERSION = YES;
				GCC_WARN_ABOUT_RETURN_TYPE = YES_ERROR;
				GCC_WARN_UNDECLARED_SELECTOR = YES;
				GCC_WARN_UNINITIALIZED_AUTOS = YES_AGGRESSIVE;
				GCC_WARN_UNUSED_FUNCTION = YES;
				GCC_WARN_UNUSED_VARIABLE = YES;
				IPHONEOS_DEPLOYMENT_TARGET = 8.0;
				METAL_ENABLE_DEBUG_INFO = NO;
				SDKROOT = iphoneos;
				TARGETED_DEVICE_FAMILY = "1,2";
				VALIDATE_PRODUCT = YES;
				VERSIONING_SYSTEM = "apple-generic";
				VERSION_INFO_PREFIX = "";
			};
			name = Release;
		};
		4010F10419689A23001C42E7 /* Debug */ = {
			isa = XCBuildConfiguration;
			buildSettings = {
				CLANG_ENABLE_MODULES = YES;
				DEFINES_MODULE = YES;
				DYLIB_COMPATIBILITY_VERSION = 1;
				DYLIB_CURRENT_VERSION = 1;
				DYLIB_INSTALL_NAME_BASE = "@rpath";
				INFOPLIST_FILE = Swactor/Info.plist;
				INSTALL_PATH = "$(LOCAL_LIBRARY_DIR)/Frameworks";
				LD_RUNPATH_SEARCH_PATHS = "$(inherited) @executable_path/Frameworks @loader_path/Frameworks";
				PRODUCT_NAME = "$(TARGET_NAME)";
				SKIP_INSTALL = YES;
				SWIFT_OPTIMIZATION_LEVEL = "-Onone";
			};
			name = Debug;
		};
		4010F10519689A23001C42E7 /* Release */ = {
			isa = XCBuildConfiguration;
			buildSettings = {
				CLANG_ENABLE_MODULES = YES;
				DEFINES_MODULE = YES;
				DYLIB_COMPATIBILITY_VERSION = 1;
				DYLIB_CURRENT_VERSION = 1;
				DYLIB_INSTALL_NAME_BASE = "@rpath";
				INFOPLIST_FILE = Swactor/Info.plist;
				INSTALL_PATH = "$(LOCAL_LIBRARY_DIR)/Frameworks";
				LD_RUNPATH_SEARCH_PATHS = "$(inherited) @executable_path/Frameworks @loader_path/Frameworks";
				PRODUCT_NAME = "$(TARGET_NAME)";
				SKIP_INSTALL = YES;
			};
			name = Release;
		};
		4010F10719689A23001C42E7 /* Debug */ = {
			isa = XCBuildConfiguration;
			buildSettings = {
				FRAMEWORK_SEARCH_PATHS = (
					"$(SDKROOT)/Developer/Library/Frameworks",
					"$(inherited)",
				);
				GCC_PREPROCESSOR_DEFINITIONS = (
					"DEBUG=1",
					"$(inherited)",
				);
				INFOPLIST_FILE = SwactorTests/Info.plist;
				LD_RUNPATH_SEARCH_PATHS = "$(inherited) @executable_path/Frameworks @loader_path/Frameworks";
				METAL_ENABLE_DEBUG_INFO = YES;
				PRODUCT_NAME = "$(TARGET_NAME)";
			};
			name = Debug;
		};
		4010F10819689A23001C42E7 /* Release */ = {
			isa = XCBuildConfiguration;
			buildSettings = {
				FRAMEWORK_SEARCH_PATHS = (
					"$(SDKROOT)/Developer/Library/Frameworks",
					"$(inherited)",
				);
				INFOPLIST_FILE = SwactorTests/Info.plist;
				LD_RUNPATH_SEARCH_PATHS = "$(inherited) @executable_path/Frameworks @loader_path/Frameworks";
				METAL_ENABLE_DEBUG_INFO = NO;
				PRODUCT_NAME = "$(TARGET_NAME)";
			};
			name = Release;
		};
/* End XCBuildConfiguration section */

/* Begin XCConfigurationList section */
		4010F0E719689A23001C42E7 /* Build configuration list for PBXProject "Swactor" */ = {
			isa = XCConfigurationList;
			buildConfigurations = (
				4010F10119689A23001C42E7 /* Debug */,
				4010F10219689A23001C42E7 /* Release */,
			);
			defaultConfigurationIsVisible = 0;
			defaultConfigurationName = Release;
		};
		4010F10319689A23001C42E7 /* Build configuration list for PBXNativeTarget "Swactor" */ = {
			isa = XCConfigurationList;
			buildConfigurations = (
				4010F10419689A23001C42E7 /* Debug */,
				4010F10519689A23001C42E7 /* Release */,
			);
			defaultConfigurationIsVisible = 0;
		};
		4010F10619689A23001C42E7 /* Build configuration list for PBXNativeTarget "SwactorTests" */ = {
			isa = XCConfigurationList;
			buildConfigurations = (
				4010F10719689A23001C42E7 /* Debug */,
				4010F10819689A23001C42E7 /* Release */,
			);
			defaultConfigurationIsVisible = 0;
		};
/* End XCConfigurationList section */
	};
	rootObject = 4010F0E419689A23001C42E7 /* Project object */;
}
